
Microsoft Visual Studio Solution File, Format Version 12.00
# Visual Studio Version 17
VisualStudioVersion = 17.11.35208.52
MinimumVisualStudioVersion = 10.0.40219.1
Project("{FAE04EC0-301F-11D3-BF4B-00C04F79EFBC}") = "SistemaEmpleos", "SistemaEmpleos\SistemaEmpleos.csproj", "{2BBBE050-9AD0-4733-AB00-5FA66AF1E91F}"
EndProject
Global
	GlobalSection(SolutionConfigurationPlatforms) = preSolution
		Debug|Any CPU = Debug|Any CPU
		Release|Any CPU = Release|Any CPU
	EndGlobalSection
	GlobalSection(ProjectConfigurationPlatforms) = postSolution
		{2BBBE050-9AD0-4733-AB00-5FA66AF1E91F}.Debug|Any CPU.ActiveCfg = Debug|Any CPU
		{2BBBE050-9AD0-4733-AB00-5FA66AF1E91F}.Debug|Any CPU.Build.0 = Debug|Any CPU
		{2BBBE050-9AD0-4733-AB00-5FA66AF1E91F}.Release|Any CPU.ActiveCfg = Release|Any CPU
		{2BBBE050-9AD0-4733-AB00-5FA66AF1E91F}.Release|Any CPU.Build.0 = Release|Any CPU
	EndGlobalSection
	GlobalSection(SolutionProperties) = preSolution
		HideSolutionNode = FALSE
	EndGlobalSection
	GlobalSection(ExtensibilityGlobals) = postSolution
		SolutionGuid = {CB6FB43F-EA00-4C32-8B17-5614CB53B25F}
	EndGlobalSection
EndGlobal
